PODS:
  - Flurry-iOS-SDK (7.5.2):
    - Flurry-iOS-SDK/FlurrySDK (= 7.5.2)
  - Flurry-iOS-SDK/FlurrySDK (7.5.2)
  - objectivec-utils (0.7.0):
    - Flurry-iOS-SDK (~> 7.5.2)
    - UIAlertController-MZStyle (~> 1.0.0)
  - UIAlertController-MZStyle (1.0.0)

DEPENDENCIES:
  - objectivec-utils (from `../`)

EXTERNAL SOURCES:
  objectivec-utils:
    :path: ../

SPEC CHECKSUMS:
  Flurry-iOS-SDK: 8c87c4eab6008184ad9f63afabd79ec0d109c82e
  objectivec-utils: 1c60ef3591d5e8a099b08827152669b226a667f3
  UIAlertController-MZStyle: 2659de771525f994c99b8c3be506304a4b080b03

COCOAPODS: 0.39.0
