PODS:
  - objectivec-utils (0.3.0)

DEPENDENCIES:
  - objectivec-utils (from `../`)

EXTERNAL SOURCES:
  objectivec-utils:
    :path: ../

SPEC CHECKSUMS:
  objectivec-utils: 0409f4d81b063b9b97b1254c38dd497913066e9f

PODFILE CHECKSUM: 5876b1d2c3505e3bc5364130ecbef2f9c38d98d7

COCOAPODS: 1.0.0.beta.2
